GEM
  remote: https://rubygems.org/
  specs:
    sorbet (0.6.13508)
      sorbet-static (= 0.6.13508)
    sorbet-runtime (0.6.13508)
    sorbet-static (0.6.13508-universal-darwin)
    sorbet-static (0.6.13508-x86_64-linux)
    sorbet-static-and-runtime (0.6.13508)
      sorbet (= 0.6.13508)
      sorbet-runtime (= 0.6.13508)

PLATFORMS
  universal-darwin
  x86_64-linux

DEPENDENCIES
  sorbet-static-and-runtime

CHECKSUMS
  sorbet (0.6.13508) sha256=de67c75424731d39ac529639ff6849c3fe33d91c94608765d912d35efa5941a2
  sorbet-runtime (0.6.13508) sha256=011ee266adead459077ebc0058d36aeb75d6c90968db8524916050ce3c62e526
  sorbet-static (0.6.13508-universal-darwin) sha256=65280392d193ca85828b13d07bb8eb90f41ad57f8d9bc79c5edcd078aa7dc308
  sorbet-static (0.6.13508-x86_64-linux) sha256=57fd620b1a747baad432ef5c2bc2cd6218664e00626fc4e7fb5ed5f633e3a286
  sorbet-static-and-runtime (0.6.13508) sha256=874d9fe5d98eebddd322629ee3d27021a6da32594edfa170295c0b4bcd285d66

BUNDLED WITH
  4.0.6
